
Microsoft Visual Studio Solution File, Format Version 12.00
# Visual Studio Version 16
VisualStudioVersion = 16.0.30413.136
MinimumVisualStudioVersion = 10.0.40219.1
Project("{FAE04EC0-301F-11D3-BF4B-00C04F79EFBC}") = "Chatik", "Chatik\Chatik.csproj", "{467209EB-44EA-415A-9401-402858AF48BD}"
EndProject
Global
	GlobalSection(SolutionConfigurationPlatforms) = preSolution
		Debug|Any CPU = Debug|Any CPU
		Release|Any CPU = Release|Any CPU
	EndGlobalSection
	GlobalSection(ProjectConfigurationPlatforms) = postSolution
		{467209EB-44EA-415A-9401-402858AF48BD}.Debug|Any CPU.ActiveCfg = Debug|Any CPU
		{467209EB-44EA-415A-9401-402858AF48BD}.Debug|Any CPU.Build.0 = Debug|Any CPU
		{467209EB-44EA-415A-9401-402858AF48BD}.Release|Any CPU.ActiveCfg = Release|Any CPU
		{467209EB-44EA-415A-9401-402858AF48BD}.Release|Any CPU.Build.0 = Release|Any CPU
	EndGlobalSection
	GlobalSection(SolutionProperties) = preSolution
		HideSolutionNode = FALSE
	EndGlobalSection
	GlobalSection(ExtensibilityGlobals) = postSolution
		SolutionGuid = {51165829-47B1-428A-8788-CCAD7DC5194E}
	EndGlobalSection
EndGlobal
